// !$*UTF8*$!
{
	archiveVersion = 1;
	classes = {
	};
	objectVersion = 46;
	objects = {

/* Begin PBXBuildFile section */
		6B14DC981F6C4E7C00718120 /* MinerCollectionViewCell.swift in Sources */ = {isa = PBXBuildFile; fileRef = 6B14DC971F6C4E7C00718120 /* MinerCollectionViewCell.swift */; };
		6B14DC9A1F6C503900718120 /* MinerController.swift in Sources */ = {isa = PBXBuildFile; fileRef = 6B14DC991F6C503900718120 /* MinerController.swift */; };
		6B3986181F8C1FD400229B06 /* MinerDetailView.storyboard in Resources */ = {isa = PBXBuildFile; fileRef = 6B3986171F8C1FD400229B06 /* MinerDetailView.storyboard */; };
		6B39861A1F8C1FE600229B06 /* MinerDetailViewController.swift in Sources */ = {isa = PBXBuildFile; fileRef = 6B3986191F8C1FE600229B06 /* MinerDetailViewController.swift */; };
		6B39861C1F8C232E00229B06 /* SessionController.swift in Sources */ = {isa = PBXBuildFile; fileRef = 6B39861B1F8C232E00229B06 /* SessionController.swift */; };
		6B4BF9141F6B526B001DDC8C /* AppDelegate.swift in Sources */ = {isa = PBXBuildFile; fileRef = 6B4BF9131F6B526B001DDC8C /* AppDelegate.swift */; };
		6B4BF9191F6B526B001DDC8C /* Main.storyboard in Resources */ = {isa = PBXBuildFile; fileRef = 6B4BF9171F6B526B001DDC8C /* Main.storyboard */; };
		6B4BF91B1F6B526B001DDC8C /* Assets.xcassets in Resources */ = {isa = PBXBuildFile; fileRef = 6B4BF91A1F6B526B001DDC8C /* Assets.xcassets */; };
		6B4BF91E1F6B526B001DDC8C /* LaunchScreen.storyboard in Resources */ = {isa = PBXBuildFile; fileRef = 6B4BF91C1F6B526B001DDC8C /* LaunchScreen.storyboard */; };
		6B4BF92D1F6B5334001DDC8C /* NMSSH.framework in Frameworks */ = {isa = PBXBuildFile; fileRef = 6B4BF92C1F6B5334001DDC8C /* NMSSH.framework */; };
		6B4BF92E1F6B5334001DDC8C /* NMSSH.framework in Embed Frameworks */ = {isa = PBXBuildFile; fileRef = 6B4BF92C1F6B5334001DDC8C /* NMSSH.framework */; settings = {ATTRIBUTES = (CodeSignOnCopy, RemoveHeadersOnCopy, ); }; };
		6BA12F351F6C3B65009103D3 /* Notifications.swift in Sources */ = {isa = PBXBuildFile; fileRef = 6BA12F341F6C3B65009103D3 /* Notifications.swift */; };
		6BA12F381F6C3BC2009103D3 /* Accounts.storyboard in Resources */ = {isa = PBXBuildFile; fileRef = 6BA12F371F6C3BC2009103D3 /* Accounts.storyboard */; };
		6BA12F3A1F6C3EFD009103D3 /* AccountsTableViewCell.swift in Sources */ = {isa = PBXBuildFile; fileRef = 6BA12F391F6C3EFD009103D3 /* AccountsTableViewCell.swift */; };
		6BA12F3C1F6C3F81009103D3 /* AccountsTableViewController.swift in Sources */ = {isa = PBXBuildFile; fileRef = 6BA12F3B1F6C3F81009103D3 /* AccountsTableViewController.swift */; };
		6BA12F3E1F6C3FF1009103D3 /* Account.swift in Sources */ = {isa = PBXBuildFile; fileRef = 6BA12F3D1F6C3FF1009103D3 /* Account.swift */; };
		6BA12F401F6C40E7009103D3 /* AccountController.swift in Sources */ = {isa = PBXBuildFile; fileRef = 6BA12F3F1F6C40E7009103D3 /* AccountController.swift */; };
		6BA12F421F6C4595009103D3 /* NetworkController.swift in Sources */ = {isa = PBXBuildFile; fileRef = 6BA12F411F6C4595009103D3 /* NetworkController.swift */; };
		6BA12F441F6C4677009103D3 /* Miner.swift in Sources */ = {isa = PBXBuildFile; fileRef = 6BA12F431F6C4677009103D3 /* Miner.swift */; };
		6BA12F461F6C471C009103D3 /* Keys.swift in Sources */ = {isa = PBXBuildFile; fileRef = 6BA12F451F6C471C009103D3 /* Keys.swift */; };
		6BA12F481F6C4752009103D3 /* AccountInfo.swift in Sources */ = {isa = PBXBuildFile; fileRef = 6BA12F471F6C4752009103D3 /* AccountInfo.swift */; };
		6BA12F4B1F6C492A009103D3 /* MinersMainViewController.swift in Sources */ = {isa = PBXBuildFile; fileRef = 6BA12F4A1F6C492A009103D3 /* MinersMainViewController.swift */; };
		6BA12F4D1F6C4947009103D3 /* MinersMainView.storyboard in Resources */ = {isa = PBXBuildFile; fileRef = 6BA12F4C1F6C4947009103D3 /* MinersMainView.storyboard */; };
/* End PBXBuildFile section */

/* Begin PBXCopyFilesBuildPhase section */
		6B4BF92F1F6B5334001DDC8C /* Embed Frameworks */ = {
			isa = PBXCopyFilesBuildPhase;
			buildActionMask = 2147483647;
			dstPath = "";
			dstSubfolderSpec = 10;
			files = (
				6B4BF92E1F6B5334001DDC8C /* NMSSH.framework in Embed Frameworks */,
			);
			name = "Embed Frameworks";
			runOnlyForDeploymentPostprocessing = 0;
		};
/* End PBXCopyFilesBuildPhase section */

/* Begin PBXFileReference section */
		6B14DC971F6C4E7C00718120 /* MinerCollectionViewCell.swift */ = {isa = PBXFileReference; fileEncoding = 4; lastKnownFileType = sourcecode.swift; path = MinerCollectionViewCell.swift; sourceTree = "<group>"; };
		6B14DC991F6C503900718120 /* MinerController.swift */ = {isa = PBXFileReference; fileEncoding = 4; lastKnownFileType = sourcecode.swift; path = MinerController.swift; sourceTree = "<group>"; };
		6B3986171F8C1FD400229B06 /* MinerDetailView.storyboard */ = {isa = PBXFileReference; lastKnownFileType = file.storyboard; path = MinerDetailView.storyboard; sourceTree = "<group>"; };
		6B3986191F8C1FE600229B06 /* MinerDetailViewController.swift */ = {isa = PBXFileReference; lastKnownFileType = sourcecode.swift; path = MinerDetailViewController.swift; sourceTree = "<group>"; };
		6B39861B1F8C232E00229B06 /* SessionController.swift */ = {isa = PBXFileReference; lastKnownFileType = sourcecode.swift; path = SessionController.swift; sourceTree = "<group>"; };
		6B4BF9101F6B526B001DDC8C /* EthOS_Monitor_Login.app */ = {isa = PBXFileReference; explicitFileType = wrapper.application; includeInIndex = 0; path = EthOS_Monitor_Login.app; sourceTree = BUILT_PRODUCTS_DIR; };
		6B4BF9131F6B526B001DDC8C /* AppDelegate.swift */ = {isa = PBXFileReference; lastKnownFileType = sourcecode.swift; path = AppDelegate.swift; sourceTree = "<group>"; };
		6B4BF9181F6B526B001DDC8C /* Base */ = {isa = PBXFileReference; lastKnownFileType = file.storyboard; name = Base; path = Base.lproj/Main.storyboard; sourceTree = "<group>"; };
		6B4BF91A1F6B526B001DDC8C /* Assets.xcassets */ = {isa = PBXFileReference; lastKnownFileType = folder.assetcatalog; path = Assets.xcassets; sourceTree = "<group>"; };
		6B4BF91D1F6B526B001DDC8C /* Base */ = {isa = PBXFileReference; lastKnownFileType = file.storyboard; name = Base; path = Base.lproj/LaunchScreen.storyboard; sourceTree = "<group>"; };
		6B4BF91F1F6B526B001DDC8C /* Info.plist */ = {isa = PBXFileReference; lastKnownFileType = text.plist.xml; path = Info.plist; sourceTree = "<group>"; };
		6B4BF92C1F6B5334001DDC8C /* NMSSH.framework */ = {isa = PBXFileReference; lastKnownFileType = wrapper.framework; path = NMSSH.framework; sourceTree = "<group>"; };
		6BA12F341F6C3B65009103D3 /* Notifications.swift */ = {isa = PBXFileReference; fileEncoding = 4; lastKnownFileType = sourcecode.swift; path = Notifications.swift; sourceTree = "<group>"; };
		6BA12F371F6C3BC2009103D3 /* Accounts.storyboard */ = {isa = PBXFileReference; fileEncoding = 4; lastKnownFileType = file.storyboard; path = Accounts.storyboard; sourceTree = "<group>"; };
		6BA12F391F6C3EFD009103D3 /* AccountsTableViewCell.swift */ = {isa = PBXFileReference; fileEncoding = 4; lastKnownFileType = sourcecode.swift; path = AccountsTableViewCell.swift; sourceTree = "<group>"; };
		6BA12F3B1F6C3F81009103D3 /* AccountsTableViewController.swift */ = {isa = PBXFileReference; fileEncoding = 4; lastKnownFileType = sourcecode.swift; path = AccountsTableViewController.swift; sourceTree = "<group>"; };
		6BA12F3D1F6C3FF1009103D3 /* Account.swift */ = {isa = PBXFileReference; fileEncoding = 4; lastKnownFileType = sourcecode.swift; path = Account.swift; sourceTree = "<group>"; };
		6BA12F3F1F6C40E7009103D3 /* AccountController.swift */ = {isa = PBXFileReference; fileEncoding = 4; lastKnownFileType = sourcecode.swift; path = AccountController.swift; sourceTree = "<group>"; };
		6BA12F411F6C4595009103D3 /* NetworkController.swift */ = {isa = PBXFileReference; fileEncoding = 4; lastKnownFileType = sourcecode.swift; path = NetworkController.swift; sourceTree = "<group>"; };
		6BA12F431F6C4677009103D3 /* Miner.swift */ = {isa = PBXFileReference; fileEncoding = 4; lastKnownFileType = sourcecode.swift; path = Miner.swift; sourceTree = "<group>"; };
		6BA12F451F6C471C009103D3 /* Keys.swift */ = {isa = PBXFileReference; fileEncoding = 4; lastKnownFileType = sourcecode.swift; path = Keys.swift; sourceTree = "<group>"; };
		6BA12F471F6C4752009103D3 /* AccountInfo.swift */ = {isa = PBXFileReference; fileEncoding = 4; lastKnownFileType = sourcecode.swift; path = AccountInfo.swift; sourceTree = "<group>"; };
		6BA12F4A1F6C492A009103D3 /* MinersMainViewController.swift */ = {isa = PBXFileReference; fileEncoding = 4; lastKnownFileType = sourcecode.swift; path = MinersMainViewController.swift; sourceTree = "<group>"; };
		6BA12F4C1F6C4947009103D3 /* MinersMainView.storyboard */ = {isa = PBXFileReference; fileEncoding = 4; lastKnownFileType = file.storyboard; path = MinersMainView.storyboard; sourceTree = "<group>"; };
/* End PBXFileReference section */

/* Begin PBXFrameworksBuildPhase section */
		6B4BF90D1F6B526B001DDC8C /* Frameworks */ = {
			isa = PBXFrameworksBuildPhase;
			buildActionMask = 2147483647;
			files = (
				6B4BF92D1F6B5334001DDC8C /* NMSSH.framework in Frameworks */,
			);
			runOnlyForDeploymentPostprocessing = 0;
		};
/* End PBXFrameworksBuildPhase section */

/* Begin PBXGroup section */
		6B3986161F8C1FBF00229B06 /* MinerDetailViewController */ = {
			isa = PBXGroup;
			children = (
				6B3986171F8C1FD400229B06 /* MinerDetailView.storyboard */,
				6B3986191F8C1FE600229B06 /* MinerDetailViewController.swift */,
			);
			name = MinerDetailViewController;
			sourceTree = "<group>";
		};
		6B4BF9071F6B526B001DDC8C = {
			isa = PBXGroup;
			children = (
				6B4BF92C1F6B5334001DDC8C /* NMSSH.framework */,
				6B4BF9121F6B526B001DDC8C /* EthOS_Monitor_Login */,
				6B4BF9111F6B526B001DDC8C /* Products */,
			);
			sourceTree = "<group>";
		};
		6B4BF9111F6B526B001DDC8C /* Products */ = {
			isa = PBXGroup;
			children = (
				6B4BF9101F6B526B001DDC8C /* EthOS_Monitor_Login.app */,
			);
			name = Products;
			sourceTree = "<group>";
		};
		6B4BF9121F6B526B001DDC8C /* EthOS_Monitor_Login */ = {
			isa = PBXGroup;
			children = (
				6B4BF9131F6B526B001DDC8C /* AppDelegate.swift */,
				6B4BF92B1F6B52B1001DDC8C /* Helpers */,
				6B4BF92A1F6B52AC001DDC8C /* ViewControllers */,
				6B4BF9291F6B52A8001DDC8C /* Views */,
				6B4BF9281F6B52A4001DDC8C /* ModelControllers */,
				6B4BF9271F6B52A1001DDC8C /* Models */,
				6B4BF9251F6B5284001DDC8C /* Resources */,
			);
			path = EthOS_Monitor_Login;
			sourceTree = "<group>";
		};
		6B4BF9251F6B5284001DDC8C /* Resources */ = {
			isa = PBXGroup;
			children = (
				6B4BF9261F6B528C001DDC8C /* Storyboards */,
				6B4BF91A1F6B526B001DDC8C /* Assets.xcassets */,
				6B4BF91C1F6B526B001DDC8C /* LaunchScreen.storyboard */,
				6B4BF91F1F6B526B001DDC8C /* Info.plist */,
			);
			name = Resources;
			sourceTree = "<group>";
		};
		6B4BF9261F6B528C001DDC8C /* Storyboards */ = {
			isa = PBXGroup;
			children = (
				6B4BF9171F6B526B001DDC8C /* Main.storyboard */,
			);
			name = Storyboards;
			sourceTree = "<group>";
		};
		6B4BF9271F6B52A1001DDC8C /* Models */ = {
			isa = PBXGroup;
			children = (
				6BA12F3D1F6C3FF1009103D3 /* Account.swift */,
				6BA12F431F6C4677009103D3 /* Miner.swift */,
				6BA12F471F6C4752009103D3 /* AccountInfo.swift */,
			);
			name = Models;
			sourceTree = "<group>";
		};
		6B4BF9281F6B52A4001DDC8C /* ModelControllers */ = {
			isa = PBXGroup;
			children = (
				6BA12F3F1F6C40E7009103D3 /* AccountController.swift */,
				6B14DC991F6C503900718120 /* MinerController.swift */,
			);
			name = ModelControllers;
			sourceTree = "<group>";
		};
		6B4BF9291F6B52A8001DDC8C /* Views */ = {
			isa = PBXGroup;
			children = (
				6BA12F391F6C3EFD009103D3 /* AccountsTableViewCell.swift */,
				6B14DC971F6C4E7C00718120 /* MinerCollectionViewCell.swift */,
			);
			name = Views;
			sourceTree = "<group>";
		};
		6B4BF92A1F6B52AC001DDC8C /* ViewControllers */ = {
			isa = PBXGroup;
			children = (
				6B3986161F8C1FBF00229B06 /* MinerDetailViewController */,
				6BA12F491F6C4914009103D3 /* MinersMainViewController */,
				6BA12F361F6C3BB3009103D3 /* AccountTableViewController */,
			);
			name = ViewControllers;
			sourceTree = "<group>";
		};
		6B4BF92B1F6B52B1001DDC8C /* Helpers */ = {
			isa = PBXGroup;
			children = (
				6BA12F341F6C3B65009103D3 /* Notifications.swift */,
				6BA12F411F6C4595009103D3 /* NetworkController.swift */,
				6BA12F451F6C471C009103D3 /* Keys.swift */,
				6B39861B1F8C232E00229B06 /* SessionController.swift */,
			);
			name = Helpers;
			sourceTree = "<group>";
		};
		6BA12F361F6C3BB3009103D3 /* AccountTableViewController */ = {
			isa = PBXGroup;
			children = (
				6BA12F371F6C3BC2009103D3 /* Accounts.storyboard */,
				6BA12F3B1F6C3F81009103D3 /* AccountsTableViewController.swift */,
			);
			name = AccountTableViewController;
			sourceTree = "<group>";
		};
		6BA12F491F6C4914009103D3 /* MinersMainViewController */ = {
			isa = PBXGroup;
			children = (
				6BA12F4A1F6C492A009103D3 /* MinersMainViewController.swift */,
				6BA12F4C1F6C4947009103D3 /* MinersMainView.storyboard */,
			);
			name = MinersMainViewController;
			sourceTree = "<group>";
		};
/* End PBXGroup section */

/* Begin PBXNativeTarget section */
		6B4BF90F1F6B526B001DDC8C /* EthOS_Monitor_Login */ = {
			isa = PBXNativeTarget;
			buildConfigurationList = 6B4BF9221F6B526B001DDC8C /* Build configuration list for PBXNativeTarget "EthOS_Monitor_Login" */;
			buildPhases = (
				6B4BF90C1F6B526B001DDC8C /* Sources */,
				6B4BF90D1F6B526B001DDC8C /* Frameworks */,
				6B4BF90E1F6B526B001DDC8C /* Resources */,
				6B4BF92F1F6B5334001DDC8C /* Embed Frameworks */,
			);
			buildRules = (
			);
			dependencies = (
			);
			name = EthOS_Monitor_Login;
			productName = EthOS_Monitor_Login;
			productReference = 6B4BF9101F6B526B001DDC8C /* EthOS_Monitor_Login.app */;
			productType = "com.apple.product-type.application";
		};
/* End PBXNativeTarget section */

/* Begin PBXProject section */
		6B4BF9081F6B526B001DDC8C /* Project object */ = {
			isa = PBXProject;
			attributes = {
				LastSwiftUpdateCheck = 0830;
				LastUpgradeCheck = 0830;
				ORGANIZATIONNAME = "Bradley Gilmore";
				TargetAttributes = {
					6B4BF90F1F6B526B001DDC8C = {
						CreatedOnToolsVersion = 8.3.3;
						DevelopmentTeam = N8EMAYLL43;
						ProvisioningStyle = Automatic;
					};
				};
			};
			buildConfigurationList = 6B4BF90B1F6B526B001DDC8C /* Build configuration list for PBXProject "EthOS_Monitor_Login" */;
			compatibilityVersion = "Xcode 3.2";
			developmentRegion = English;
			hasScannedForEncodings = 0;
			knownRegions = (
				en,
				Base,
			);
			mainGroup = 6B4BF9071F6B526B001DDC8C;
			productRefGroup = 6B4BF9111F6B526B001DDC8C /* Products */;
			projectDirPath = "";
			projectRoot = "";
			targets = (
				6B4BF90F1F6B526B001DDC8C /* EthOS_Monitor_Login */,
			);
		};
/* End PBXProject section */

/* Begin PBXResourcesBuildPhase section */
		6B4BF90E1F6B526B001DDC8C /* Resources */ = {
			isa = PBXResourcesBuildPhase;
			buildActionMask = 2147483647;
			files = (
				6B3986181F8C1FD400229B06 /* MinerDetailView.storyboard in Resources */,
				6B4BF91E1F6B526B001DDC8C /* LaunchScreen.storyboard in Resources */,
				6B4BF91B1F6B526B001DDC8C /* Assets.xcassets in Resources */,
				6BA12F381F6C3BC2009103D3 /* Accounts.storyboard in Resources */,
				6BA12F4D1F6C4947009103D3 /* MinersMainView.storyboard in Resources */,
				6B4BF9191F6B526B001DDC8C /* Main.storyboard in Resources */,
			);
			runOnlyForDeploymentPostprocessing = 0;
		};
/* End PBXResourcesBuildPhase section */

/* Begin PBXSourcesBuildPhase section */
		6B4BF90C1F6B526B001DDC8C /* Sources */ = {
			isa = PBXSourcesBuildPhase;
			buildActionMask = 2147483647;
			files = (
				6BA12F3E1F6C3FF1009103D3 /* Account.swift in Sources */,
				6BA12F4B1F6C492A009103D3 /* MinersMainViewController.swift in Sources */,
				6BA12F351F6C3B65009103D3 /* Notifications.swift in Sources */,
				6BA12F3C1F6C3F81009103D3 /* AccountsTableViewController.swift in Sources */,
				6B39861C1F8C232E00229B06 /* SessionController.swift in Sources */,
				6BA12F401F6C40E7009103D3 /* AccountController.swift in Sources */,
				6B4BF9141F6B526B001DDC8C /* AppDelegate.swift in Sources */,
				6B14DC981F6C4E7C00718120 /* MinerCollectionViewCell.swift in Sources */,
				6BA12F441F6C4677009103D3 /* Miner.swift in Sources */,
				6BA12F421F6C4595009103D3 /* NetworkController.swift in Sources */,
				6BA12F481F6C4752009103D3 /* AccountInfo.swift in Sources */,
				6B14DC9A1F6C503900718120 /* MinerController.swift in Sources */,
				6B39861A1F8C1FE600229B06 /* MinerDetailViewController.swift in Sources */,
				6BA12F461F6C471C009103D3 /* Keys.swift in Sources */,
				6BA12F3A1F6C3EFD009103D3 /* AccountsTableViewCell.swift in Sources */,
			);
			runOnlyForDeploymentPostprocessing = 0;
		};
/* End PBXSourcesBuildPhase section */

/* Begin PBXVariantGroup section */
		6B4BF9171F6B526B001DDC8C /* Main.storyboard */ = {
			isa = PBXVariantGroup;
			children = (
				6B4BF9181F6B526B001DDC8C /* Base */,
			);
			name = Main.storyboard;
			sourceTree = "<group>";
		};
		6B4BF91C1F6B526B001DDC8C /* LaunchScreen.storyboard */ = {
			isa = PBXVariantGroup;
			children = (
				6B4BF91D1F6B526B001DDC8C /* Base */,
			);
			name = LaunchScreen.storyboard;
			sourceTree = "<group>";
		};
/* End PBXVariantGroup section */

/* Begin XCBuildConfiguration section */
		6B4BF9201F6B526B001DDC8C /* Debug */ = {
			isa = XCBuildConfiguration;
			buildSettings = {
				ALWAYS_SEARCH_USER_PATHS = NO;
				CLANG_ANALYZER_NONNULL = YES;
				CLANG_ANALYZER_NUMBER_OBJECT_CONVERSION = YES_AGGRESSIVE;
				CLANG_CXX_LANGUAGE_STANDARD = "gnu++0x";
				CLANG_CXX_LIBRARY = "libc++";
				CLANG_ENABLE_MODULES = YES;
				CLANG_ENABLE_OBJC_ARC = YES;
				CLANG_WARN_BOOL_CONVERSION = YES;
				CLANG_WARN_CONSTANT_CONVERSION = YES;
				CLANG_WARN_DIRECT_OBJC_ISA_USAGE = YES_ERROR;
				CLANG_WARN_DOCUMENTATION_COMMENTS = YES;
				CLANG_WARN_EMPTY_BODY = YES;
				CLANG_WARN_ENUM_CONVERSION = YES;
				CLANG_WARN_INFINITE_RECURSION = YES;
				CLANG_WARN_INT_CONVERSION = YES;
				CLANG_WARN_OBJC_ROOT_CLASS = YES_ERROR;
				CLANG_WARN_SUSPICIOUS_MOVE = YES;
				CLANG_WARN_UNREACHABLE_CODE = YES;
				CLANG_WARN__DUPLICATE_METHOD_MATCH = YES;
				"CODE_SIGN_IDENTITY[sdk=iphoneos*]" = "iPhone Developer";
				COPY_PHASE_STRIP = NO;
				DEBUG_INFORMATION_FORMAT = dwarf;
				ENABLE_STRICT_OBJC_MSGSEND = YES;
				ENABLE_TESTABILITY = YES;
				GCC_C_LANGUAGE_STANDARD = gnu99;
				GCC_DYNAMIC_NO_PIC = NO;
				GCC_NO_COMMON_BLOCKS = YES;
				GCC_OPTIMIZATION_LEVEL = 0;
				GCC_PREPROCESSOR_DEFINITIONS = (
					"DEBUG=1",
					"$(inherited)",
				);
				GCC_WARN_64_TO_32_BIT_CONVERSION = YES;
				GCC_WARN_ABOUT_RETURN_TYPE = YES_ERROR;
				GCC_WARN_UNDECLARED_SELECTOR = YES;
				GCC_WARN_UNINITIALIZED_AUTOS = YES_AGGRESSIVE;
				GCC_WARN_UNUSED_FUNCTION = YES;
				GCC_WARN_UNUSED_VARIABLE = YES;
				IPHONEOS_DEPLOYMENT_TARGET = 10.3;
				MTL_ENABLE_DEBUG_INFO = YES;
				ONLY_ACTIVE_ARCH = YES;
				SDKROOT = iphoneos;
				SWIFT_ACTIVE_COMPILATION_CONDITIONS = DEBUG;
				SWIFT_OPTIMIZATION_LEVEL = "-Onone";
			};
			name = Debug;
		};
		6B4BF9211F6B526B001DDC8C /* Release */ = {
			isa = XCBuildConfiguration;
			buildSettings = {
				ALWAYS_SEARCH_USER_PATHS = NO;
				CLANG_ANALYZER_NONNULL = YES;
				CLANG_ANALYZER_NUMBER_OBJECT_CONVERSION = YES_AGGRESSIVE;
				CLANG_CXX_LANGUAGE_STANDARD = "gnu++0x";
				CLANG_CXX_LIBRARY = "libc++";
				CLANG_ENABLE_MODULES = YES;
				CLANG_ENABLE_OBJC_ARC = YES;
				CLANG_WARN_BOOL_CONVERSION = YES;
				CLANG_WARN_CONSTANT_CONVERSION = YES;
				CLANG_WARN_DIRECT_OBJC_ISA_USAGE = YES_ERROR;
				CLANG_WARN_DOCUMENTATION_COMMENTS = YES;
				CLANG_WARN_EMPTY_BODY = YES;
				CLANG_WARN_ENUM_CONVERSION = YES;
				CLANG_WARN_INFINITE_RECURSION = YES;
				CLANG_WARN_INT_CONVERSION = YES;
				CLANG_WARN_OBJC_ROOT_CLASS = YES_ERROR;
				CLANG_WARN_SUSPICIOUS_MOVE = YES;
				CLANG_WARN_UNREACHABLE_CODE = YES;
				CLANG_WARN__DUPLICATE_METHOD_MATCH = YES;
				"CODE_SIGN_IDENTITY[sdk=iphoneos*]" = "iPhone Developer";
				COPY_PHASE_STRIP = NO;
				DEBUG_INFORMATION_FORMAT = "dwarf-with-dsym";
				ENABLE_NS_ASSERTIONS = NO;
				ENABLE_STRICT_OBJC_MSGSEND = YES;
				GCC_C_LANGUAGE_STANDARD = gnu99;
				GCC_NO_COMMON_BLOCKS = YES;
				GCC_WARN_64_TO_32_BIT_CONVERSION = YES;
				GCC_WARN_ABOUT_RETURN_TYPE = YES_ERROR;
				GCC_WARN_UNDECLARED_SELECTOR = YES;
				GCC_WARN_UNINITIALIZED_AUTOS = YES_AGGRESSIVE;
				GCC_WARN_UNUSED_FUNCTION = YES;
				GCC_WARN_UNUSED_VARIABLE = YES;
				IPHONEOS_DEPLOYMENT_TARGET = 10.3;
				MTL_ENABLE_DEBUG_INFO = NO;
				SDKROOT = iphoneos;
				SWIFT_OPTIMIZATION_LEVEL = "-Owholemodule";
				VALIDATE_PRODUCT = YES;
			};
			name = Release;
		};
		6B4BF9231F6B526B001DDC8C /* Debug */ = {
			isa = XCBuildConfiguration;
			buildSettings = {
				ASSETCATALOG_COMPILER_APPICON_NAME = AppIcon;
				DEVELOPMENT_TEAM = N8EMAYLL43;
				FRAMEWORK_SEARCH_PATHS = (
					"$(inherited)",
					"$(PROJECT_DIR)",
				);
				INFOPLIST_FILE = EthOS_Monitor_Login/Info.plist;
				LD_RUNPATH_SEARCH_PATHS = "$(inherited) @executable_path/Frameworks";
				PRODUCT_BUNDLE_IDENTIFIER = "com.bradleygilmore.EthOS-Monitor-Login";
				PRODUCT_NAME = "$(TARGET_NAME)";
				SWIFT_VERSION = 3.0;
			};
			name = Debug;
		};
		6B4BF9241F6B526B001DDC8C /* Release */ = {
			isa = XCBuildConfiguration;
			buildSettings = {
				ASSETCATALOG_COMPILER_APPICON_NAME = AppIcon;
				DEVELOPMENT_TEAM = N8EMAYLL43;
				FRAMEWORK_SEARCH_PATHS = (
					"$(inherited)",
					"$(PROJECT_DIR)",
				);
				INFOPLIST_FILE = EthOS_Monitor_Login/Info.plist;
				LD_RUNPATH_SEARCH_PATHS = "$(inherited) @executable_path/Frameworks";
				PRODUCT_BUNDLE_IDENTIFIER = "com.bradleygilmore.EthOS-Monitor-Login";
				PRODUCT_NAME = "$(TARGET_NAME)";
				SWIFT_VERSION = 3.0;
			};
			name = Release;
		};
/* End XCBuildConfiguration section */

/* Begin XCConfigurationList section */
		6B4BF90B1F6B526B001DDC8C /* Build configuration list for PBXProject "EthOS_Monitor_Login" */ = {
			isa = XCConfigurationList;
			buildConfigurations = (
				6B4BF9201F6B526B001DDC8C /* Debug */,
				6B4BF9211F6B526B001DDC8C /* Release */,
			);
			defaultConfigurationIsVisible = 0;
			defaultConfigurationName = Release;
		};
		6B4BF9221F6B526B001DDC8C /* Build configuration list for PBXNativeTarget "EthOS_Monitor_Login" */ = {
			isa = XCConfigurationList;
			buildConfigurations = (
				6B4BF9231F6B526B001DDC8C /* Debug */,
				6B4BF9241F6B526B001DDC8C /* Release */,
			);
			defaultConfigurationIsVisible = 0;
			defaultConfigurationName = Release;
		};
/* End XCConfigurationList section */
	};
	rootObject = 6B4BF9081F6B526B001DDC8C /* Project object */;
}
